
Microsoft Visual Studio Solution File, Format Version 12.00
# Visual Studio Version 16
VisualStudioVersion = 16.0.30804.86
MinimumVisualStudioVersion = 10.0.40219.1
Project("{FAE04EC0-301F-11D3-BF4B-00C04F79EFBC}") = "MyDictionary", "MyDictionary\MyDictionary.csproj", "{B75EA4FC-5F02-4F69-8B83-63D2285BAC24}"
EndProject
Global
	GlobalSection(SolutionConfigurationPlatforms) = preSolution
		Debug|Any CPU = Debug|Any CPU
		Release|Any CPU = Release|Any CPU
	EndGlobalSection
	GlobalSection(ProjectConfigurationPlatforms) = postSolution
		{B75EA4FC-5F02-4F69-8B83-63D2285BAC24}.Debug|Any CPU.ActiveCfg = Debug|Any CPU
		{B75EA4FC-5F02-4F69-8B83-63D2285BAC24}.Debug|Any CPU.Build.0 = Debug|Any CPU
		{B75EA4FC-5F02-4F69-8B83-63D2285BAC24}.Release|Any CPU.ActiveCfg = Release|Any CPU
		{B75EA4FC-5F02-4F69-8B83-63D2285BAC24}.Release|Any CPU.Build.0 = Release|Any CPU
	EndGlobalSection
	GlobalSection(SolutionProperties) = preSolution
		HideSolutionNode = FALSE
	EndGlobalSection
	GlobalSection(ExtensibilityGlobals) = postSolution
		SolutionGuid = {BBC3EC1E-B9F7-46B0-B832-52EAB198B769}
	EndGlobalSection
EndGlobal
